// !$*UTF8*$!
{
	archiveVersion = 1;
	classes = {
	};
	objectVersion = 50;
	objects = {

/* Begin PBXBuildFile section */
		9EB7CB49207C74F50085839E /* AppDelegate.swift in Sources */ = {isa = PBXBuildFile; fileRef = 9EB7CB48207C74F50085839E /* AppDelegate.swift */; };
		9EB7CB4E207C74F50085839E /* Main.storyboard in Resources */ = {isa = PBXBuildFile; fileRef = 9EB7CB4C207C74F50085839E /* Main.storyboard */; };
		9EB7CB50207C74F70085839E /* Assets.xcassets in Resources */ = {isa = PBXBuildFile; fileRef = 9EB7CB4F207C74F70085839E /* Assets.xcassets */; };
		9EB7CB53207C74F70085839E /* LaunchScreen.storyboard in Resources */ = {isa = PBXBuildFile; fileRef = 9EB7CB51207C74F70085839E /* LaunchScreen.storyboard */; };
		9EB7CB5B207C75D70085839E /* MainViewController.swift in Sources */ = {isa = PBXBuildFile; fileRef = 9EB7CB5A207C75D70085839E /* MainViewController.swift */; };
		9EB7CB5F207C762A0085839E /* WeatherData.swift in Sources */ = {isa = PBXBuildFile; fileRef = 9EB7CB5E207C762A0085839E /* WeatherData.swift */; };
		9EB7CB61207C77080085839E /* SelectWeatherTable.swift in Sources */ = {isa = PBXBuildFile; fileRef = 9EB7CB60207C77080085839E /* SelectWeatherTable.swift */; };
		9EB7CB63207C79ED0085839E /* SearchViewController.swift in Sources */ = {isa = PBXBuildFile; fileRef = 9EB7CB62207C79ED0085839E /* SearchViewController.swift */; };
		9EB7CB65207C83D20085839E /* CityList.json in Resources */ = {isa = PBXBuildFile; fileRef = 9EB7CB64207C83D20085839E /* CityList.json */; };
/* End PBXBuildFile section */

/* Begin PBXFileReference section */
		9EB7CB45207C74F50085839E /* OpenWeatherAPI.app */ = {isa = PBXFileReference; explicitFileType = wrapper.application; includeInIndex = 0; path = OpenWeatherAPI.app; sourceTree = BUILT_PRODUCTS_DIR; };
		9EB7CB48207C74F50085839E /* AppDelegate.swift */ = {isa = PBXFileReference; lastKnownFileType = sourcecode.swift; path = AppDelegate.swift; sourceTree = "<group>"; };
		9EB7CB4D207C74F50085839E /* Base */ = {isa = PBXFileReference; lastKnownFileType = file.storyboard; name = Base; path = Base.lproj/Main.storyboard; sourceTree = "<group>"; };
		9EB7CB4F207C74F70085839E /* Assets.xcassets */ = {isa = PBXFileReference; lastKnownFileType = folder.assetcatalog; path = Assets.xcassets; sourceTree = "<group>"; };
		9EB7CB52207C74F70085839E /* Base */ = {isa = PBXFileReference; lastKnownFileType = file.storyboard; name = Base; path = Base.lproj/LaunchScreen.storyboard; sourceTree = "<group>"; };
		9EB7CB54207C74F70085839E /* Info.plist */ = {isa = PBXFileReference; lastKnownFileType = text.plist.xml; path = Info.plist; sourceTree = "<group>"; };
		9EB7CB5A207C75D70085839E /* MainViewController.swift */ = {isa = PBXFileReference; lastKnownFileType = sourcecode.swift; path = MainViewController.swift; sourceTree = "<group>"; };
		9EB7CB5E207C762A0085839E /* WeatherData.swift */ = {isa = PBXFileReference; lastKnownFileType = sourcecode.swift; path = WeatherData.swift; sourceTree = "<group>"; };
		9EB7CB60207C77080085839E /* SelectWeatherTable.swift */ = {isa = PBXFileReference; lastKnownFileType = sourcecode.swift; path = SelectWeatherTable.swift; sourceTree = "<group>"; };
		9EB7CB62207C79ED0085839E /* SearchViewController.swift */ = {isa = PBXFileReference; lastKnownFileType = sourcecode.swift; path = SearchViewController.swift; sourceTree = "<group>"; };
		9EB7CB64207C83D20085839E /* CityList.json */ = {isa = PBXFileReference; fileEncoding = 4; lastKnownFileType = text.json; path = CityList.json; sourceTree = "<group>"; };
/* End PBXFileReference section */

/* Begin PBXFrameworksBuildPhase section */
		9EB7CB42207C74F50085839E /* Frameworks */ = {
			isa = PBXFrameworksBuildPhase;
			buildActionMask = 2147483647;
			files = (
			);
			runOnlyForDeploymentPostprocessing = 0;
		};
/* End PBXFrameworksBuildPhase section */

/* Begin PBXGroup section */
		9EB7CB3C207C74F50085839E = {
			isa = PBXGroup;
			children = (
				9EB7CB47207C74F50085839E /* OpenWeatherAPI */,
				9EB7CB46207C74F50085839E /* Products */,
			);
			sourceTree = "<group>";
		};
		9EB7CB46207C74F50085839E /* Products */ = {
			isa = PBXGroup;
			children = (
				9EB7CB45207C74F50085839E /* OpenWeatherAPI.app */,
			);
			name = Products;
			sourceTree = "<group>";
		};
		9EB7CB47207C74F50085839E /* OpenWeatherAPI */ = {
			isa = PBXGroup;
			children = (
				9EB7CB64207C83D20085839E /* CityList.json */,
				9EB7CB5D207C76190085839E /* WeatherData */,
				9EB7CB5C207C75DF0085839E /* ViewController */,
				9EB7CB48207C74F50085839E /* AppDelegate.swift */,
				9EB7CB4C207C74F50085839E /* Main.storyboard */,
				9EB7CB4F207C74F70085839E /* Assets.xcassets */,
				9EB7CB51207C74F70085839E /* LaunchScreen.storyboard */,
				9EB7CB54207C74F70085839E /* Info.plist */,
			);
			path = OpenWeatherAPI;
			sourceTree = "<group>";
		};
		9EB7CB5C207C75DF0085839E /* ViewController */ = {
			isa = PBXGroup;
			children = (
				9EB7CB5A207C75D70085839E /* MainViewController.swift */,
				9EB7CB60207C77080085839E /* SelectWeatherTable.swift */,
				9EB7CB62207C79ED0085839E /* SearchViewController.swift */,
			);
			path = ViewController;
			sourceTree = "<group>";
		};
		9EB7CB5D207C76190085839E /* WeatherData */ = {
			isa = PBXGroup;
			children = (
				9EB7CB5E207C762A0085839E /* WeatherData.swift */,
			);
			path = WeatherData;
			sourceTree = "<group>";
		};
/* End PBXGroup section */

/* Begin PBXNativeTarget section */
		9EB7CB44207C74F50085839E /* OpenWeatherAPI */ = {
			isa = PBXNativeTarget;
			buildConfigurationList = 9EB7CB57207C74F70085839E /* Build configuration list for PBXNativeTarget "OpenWeatherAPI" */;
			buildPhases = (
				9EB7CB41207C74F50085839E /* Sources */,
				9EB7CB42207C74F50085839E /* Frameworks */,
				9EB7CB43207C74F50085839E /* Resources */,
			);
			buildRules = (
			);
			dependencies = (
			);
			name = OpenWeatherAPI;
			productName = OpenWeatherAPI;
			productReference = 9EB7CB45207C74F50085839E /* OpenWeatherAPI.app */;
			productType = "com.apple.product-type.application";
		};
/* End PBXNativeTarget section */

/* Begin PBXProject section */
		9EB7CB3D207C74F50085839E /* Project object */ = {
			isa = PBXProject;
			attributes = {
				LastSwiftUpdateCheck = 0930;
				LastUpgradeCheck = 0930;
				ORGANIZATIONNAME = "박수현";
				TargetAttributes = {
					9EB7CB44207C74F50085839E = {
						CreatedOnToolsVersion = 9.3;
					};
				};
			};
			buildConfigurationList = 9EB7CB40207C74F50085839E /* Build configuration list for PBXProject "OpenWeatherAPI" */;
			compatibilityVersion = "Xcode 9.3";
			developmentRegion = en;
			hasScannedForEncodings = 0;
			knownRegions = (
				en,
				Base,
			);
			mainGroup = 9EB7CB3C207C74F50085839E;
			productRefGroup = 9EB7CB46207C74F50085839E /* Products */;
			projectDirPath = "";
			projectRoot = "";
			targets = (
				9EB7CB44207C74F50085839E /* OpenWeatherAPI */,
			);
		};
/* End PBXProject section */

/* Begin PBXResourcesBuildPhase section */
		9EB7CB43207C74F50085839E /* Resources */ = {
			isa = PBXResourcesBuildPhase;
			buildActionMask = 2147483647;
			files = (
				9EB7CB53207C74F70085839E /* LaunchScreen.storyboard in Resources */,
				9EB7CB50207C74F70085839E /* Assets.xcassets in Resources */,
				9EB7CB65207C83D20085839E /* CityList.json in Resources */,
				9EB7CB4E207C74F50085839E /* Main.storyboard in Resources */,
			);
			runOnlyForDeploymentPostprocessing = 0;
		};
/* End PBXResourcesBuildPhase section */

/* Begin PBXSourcesBuildPhase section */
		9EB7CB41207C74F50085839E /* Sources */ = {
			isa = PBXSourcesBuildPhase;
			buildActionMask = 2147483647;
			files = (
				9EB7CB63207C79ED0085839E /* SearchViewController.swift in Sources */,
				9EB7CB5B207C75D70085839E /* MainViewController.swift in Sources */,
				9EB7CB5F207C762A0085839E /* WeatherData.swift in Sources */,
				9EB7CB49207C74F50085839E /* AppDelegate.swift in Sources */,
				9EB7CB61207C77080085839E /* SelectWeatherTable.swift in Sources */,
			);
			runOnlyForDeploymentPostprocessing = 0;
		};
/* End PBXSourcesBuildPhase section */

/* Begin PBXVariantGroup section */
		9EB7CB4C207C74F50085839E /* Main.storyboard */ = {
			isa = PBXVariantGroup;
			children = (
				9EB7CB4D207C74F50085839E /* Base */,
			);
			name = Main.storyboard;
			sourceTree = "<group>";
		};
		9EB7CB51207C74F70085839E /* LaunchScreen.storyboard */ = {
			isa = PBXVariantGroup;
			children = (
				9EB7CB52207C74F70085839E /* Base */,
			);
			name = LaunchScreen.storyboard;
			sourceTree = "<group>";
		};
/* End PBXVariantGroup section */

/* Begin XCBuildConfiguration section */
		9EB7CB55207C74F70085839E /* Debug */ = {
			isa = XCBuildConfiguration;
			buildSettings = {
				ALWAYS_SEARCH_USER_PATHS = NO;
				CLANG_ANALYZER_NONNULL = YES;
				CLANG_ANALYZER_NUMBER_OBJECT_CONVERSION = YES_AGGRESSIVE;
				CLANG_CXX_LANGUAGE_STANDARD = "gnu++14";
				CLANG_CXX_LIBRARY = "libc++";
				CLANG_ENABLE_MODULES = YES;
				CLANG_ENABLE_OBJC_ARC = YES;
				CLANG_ENABLE_OBJC_WEAK = YES;
				CLANG_WARN_BLOCK_CAPTURE_AUTORELEASING = YES;
				CLANG_WARN_BOOL_CONVERSION = YES;
				CLANG_WARN_COMMA = YES;
				CLANG_WARN_CONSTANT_CONVERSION = YES;
				CLANG_WARN_DEPRECATED_OBJC_IMPLEMENTATIONS = YES;
				CLANG_WARN_DIRECT_OBJC_ISA_USAGE = YES_ERROR;
				CLANG_WARN_DOCUMENTATION_COMMENTS = YES;
				CLANG_WARN_EMPTY_BODY = YES;
				CLANG_WARN_ENUM_CONVERSION = YES;
				CLANG_WARN_INFINITE_RECURSION = YES;
				CLANG_WARN_INT_CONVERSION = YES;
				CLANG_WARN_NON_LITERAL_NULL_CONVERSION = YES;
				CLANG_WARN_OBJC_IMPLICIT_RETAIN_SELF = YES;
				CLANG_WARN_OBJC_LITERAL_CONVERSION = YES;
				CLANG_WARN_OBJC_ROOT_CLASS = YES_ERROR;
				CLANG_WARN_RANGE_LOOP_ANALYSIS = YES;
				CLANG_WARN_STRICT_PROTOTYPES = YES;
				CLANG_WARN_SUSPICIOUS_MOVE = YES;
				CLANG_WARN_UNGUARDED_AVAILABILITY = YES_AGGRESSIVE;
				CLANG_WARN_UNREACHABLE_CODE = YES;
				CLANG_WARN__DUPLICATE_METHOD_MATCH = YES;
				CODE_SIGN_IDENTITY = "iPhone Developer";
				COPY_PHASE_STRIP = NO;
				DEBUG_INFORMATION_FORMAT = dwarf;
				ENABLE_STRICT_OBJC_MSGSEND = YES;
				ENABLE_TESTABILITY = YES;
				GCC_C_LANGUAGE_STANDARD = gnu11;
				GCC_DYNAMIC_NO_PIC = NO;
				GCC_NO_COMMON_BLOCKS = YES;
				GCC_OPTIMIZATION_LEVEL = 0;
				GCC_PREPROCESSOR_DEFINITIONS = (
					"DEBUG=1",
					"$(inherited)",
				);
				GCC_WARN_64_TO_32_BIT_CONVERSION = YES;
				GCC_WARN_ABOUT_RETURN_TYPE = YES_ERROR;
				GCC_WARN_UNDECLARED_SELECTOR = YES;
				GCC_WARN_UNINITIALIZED_AUTOS = YES_AGGRESSIVE;
				GCC_WARN_UNUSED_FUNCTION = YES;
				GCC_WARN_UNUSED_VARIABLE = YES;
				IPHONEOS_DEPLOYMENT_TARGET = 11.3;
				MTL_ENABLE_DEBUG_INFO = YES;
				ONLY_ACTIVE_ARCH = YES;
				SDKROOT = iphoneos;
				SWIFT_ACTIVE_COMPILATION_CONDITIONS = DEBUG;
				SWIFT_OPTIMIZATION_LEVEL = "-Onone";
			};
			name = Debug;
		};
		9EB7CB56207C74F70085839E /* Release */ = {
			isa = XCBuildConfiguration;
			buildSettings = {
				ALWAYS_SEARCH_USER_PATHS = NO;
				CLANG_ANALYZER_NONNULL = YES;
				CLANG_ANALYZER_NUMBER_OBJECT_CONVERSION = YES_AGGRESSIVE;
				CLANG_CXX_LANGUAGE_STANDARD = "gnu++14";
				CLANG_CXX_LIBRARY = "libc++";
				CLANG_ENABLE_MODULES = YES;
				CLANG_ENABLE_OBJC_ARC = YES;
				CLANG_ENABLE_OBJC_WEAK = YES;
				CLANG_WARN_BLOCK_CAPTURE_AUTORELEASING = YES;
				CLANG_WARN_BOOL_CONVERSION = YES;
				CLANG_WARN_COMMA = YES;
				CLANG_WARN_CONSTANT_CONVERSION = YES;
				CLANG_WARN_DEPRECATED_OBJC_IMPLEMENTATIONS = YES;
				CLANG_WARN_DIRECT_OBJC_ISA_USAGE = YES_ERROR;
				CLANG_WARN_DOCUMENTATION_COMMENTS = YES;
				CLANG_WARN_EMPTY_BODY = YES;
				CLANG_WARN_ENUM_CONVERSION = YES;
				CLANG_WARN_INFINITE_RECURSION = YES;
				CLANG_WARN_INT_CONVERSION = YES;
				CLANG_WARN_NON_LITERAL_NULL_CONVERSION = YES;
				CLANG_WARN_OBJC_IMPLICIT_RETAIN_SELF = YES;
				CLANG_WARN_OBJC_LITERAL_CONVERSION = YES;
				CLANG_WARN_OBJC_ROOT_CLASS = YES_ERROR;
				CLANG_WARN_RANGE_LOOP_ANALYSIS = YES;
				CLANG_WARN_STRICT_PROTOTYPES = YES;
				CLANG_WARN_SUSPICIOUS_MOVE = YES;
				CLANG_WARN_UNGUARDED_AVAILABILITY = YES_AGGRESSIVE;
				CLANG_WARN_UNREACHABLE_CODE = YES;
				CLANG_WARN__DUPLICATE_METHOD_MATCH = YES;
				CODE_SIGN_IDENTITY = "iPhone Developer";
				COPY_PHASE_STRIP = NO;
				DEBUG_INFORMATION_FORMAT = "dwarf-with-dsym";
				ENABLE_NS_ASSERTIONS = NO;
				ENABLE_STRICT_OBJC_MSGSEND = YES;
				GCC_C_LANGUAGE_STANDARD = gnu11;
				GCC_NO_COMMON_BLOCKS = YES;
				GCC_WARN_64_TO_32_BIT_CONVERSION = YES;
				GCC_WARN_ABOUT_RETURN_TYPE = YES_ERROR;
				GCC_WARN_UNDECLARED_SELECTOR = YES;
				GCC_WARN_UNINITIALIZED_AUTOS = YES_AGGRESSIVE;
				GCC_WARN_UNUSED_FUNCTION = YES;
				GCC_WARN_UNUSED_VARIABLE = YES;
				IPHONEOS_DEPLOYMENT_TARGET = 11.3;
				MTL_ENABLE_DEBUG_INFO = NO;
				SDKROOT = iphoneos;
				SWIFT_COMPILATION_MODE = wholemodule;
				SWIFT_OPTIMIZATION_LEVEL = "-O";
				VALIDATE_PRODUCT = YES;
			};
			name = Release;
		};
		9EB7CB58207C74F70085839E /* Debug */ = {
			isa = XCBuildConfiguration;
			buildSettings = {
				ASSETCATALOG_COMPILER_APPICON_NAME = AppIcon;
				CODE_SIGN_STYLE = Automatic;
				DEVELOPMENT_TEAM = N598FBZXVH;
				INFOPLIST_FILE = OpenWeatherAPI/Info.plist;
				LD_RUNPATH_SEARCH_PATHS = (
					"$(inherited)",
					"@executable_path/Frameworks",
				);
				PRODUCT_BUNDLE_IDENTIFIER = com.clapwatermelon.OpenWeatherAPI;
				PRODUCT_NAME = "$(TARGET_NAME)";
				SWIFT_VERSION = 4.0;
				TARGETED_DEVICE_FAMILY = "1,2";
			};
			name = Debug;
		};
		9EB7CB59207C74F70085839E /* Release */ = {
			isa = XCBuildConfiguration;
			buildSettings = {
				ASSETCATALOG_COMPILER_APPICON_NAME = AppIcon;
				CODE_SIGN_STYLE = Automatic;
				DEVELOPMENT_TEAM = N598FBZXVH;
				INFOPLIST_FILE = OpenWeatherAPI/Info.plist;
				LD_RUNPATH_SEARCH_PATHS = (
					"$(inherited)",
					"@executable_path/Frameworks",
				);
				PRODUCT_BUNDLE_IDENTIFIER = com.clapwatermelon.OpenWeatherAPI;
				PRODUCT_NAME = "$(TARGET_NAME)";
				SWIFT_VERSION = 4.0;
				TARGETED_DEVICE_FAMILY = "1,2";
			};
			name = Release;
		};
/* End XCBuildConfiguration section */

/* Begin XCConfigurationList section */
		9EB7CB40207C74F50085839E /* Build configuration list for PBXProject "OpenWeatherAPI" */ = {
			isa = XCConfigurationList;
			buildConfigurations = (
				9EB7CB55207C74F70085839E /* Debug */,
				9EB7CB56207C74F70085839E /* Release */,
			);
			defaultConfigurationIsVisible = 0;
			defaultConfigurationName = Release;
		};
		9EB7CB57207C74F70085839E /* Build configuration list for PBXNativeTarget "OpenWeatherAPI" */ = {
			isa = XCConfigurationList;
			buildConfigurations = (
				9EB7CB58207C74F70085839E /* Debug */,
				9EB7CB59207C74F70085839E /* Release */,
			);
			defaultConfigurationIsVisible = 0;
			defaultConfigurationName = Release;
		};
/* End XCConfigurationList section */
	};
	rootObject = 9EB7CB3D207C74F50085839E /* Project object */;
}
