// !$*UTF8*$!
{
	archiveVersion = 1;
	classes = {
	};
	objectVersion = 48;
	objects = {

/* Begin PBXBuildFile section */
		9EBAC34A2074B1950018561C /* AppDelegate.swift in Sources */ = {isa = PBXBuildFile; fileRef = 9EBAC3492074B1950018561C /* AppDelegate.swift */; };
		9EBAC34C2074B1950018561C /* ViewController.swift in Sources */ = {isa = PBXBuildFile; fileRef = 9EBAC34B2074B1950018561C /* ViewController.swift */; };
		9EBAC34F2074B1950018561C /* Main.storyboard in Resources */ = {isa = PBXBuildFile; fileRef = 9EBAC34D2074B1950018561C /* Main.storyboard */; };
		9EBAC3512074B1950018561C /* Assets.xcassets in Resources */ = {isa = PBXBuildFile; fileRef = 9EBAC3502074B1950018561C /* Assets.xcassets */; };
		9EBAC3542074B1950018561C /* LaunchScreen.storyboard in Resources */ = {isa = PBXBuildFile; fileRef = 9EBAC3522074B1950018561C /* LaunchScreen.storyboard */; };
		9EBAC35E2074C8BA0018561C /* TableViewController.swift in Sources */ = {isa = PBXBuildFile; fileRef = 9EBAC35D2074C8BA0018561C /* TableViewController.swift */; };
		9EBAC3602074D4540018561C /* ParkTableViewController.swift in Sources */ = {isa = PBXBuildFile; fileRef = 9EBAC35F2074D4540018561C /* ParkTableViewController.swift */; };
/* End PBXBuildFile section */

/* Begin PBXFileReference section */
		9EBAC3462074B1950018561C /* Park.app */ = {isa = PBXFileReference; explicitFileType = wrapper.application; includeInIndex = 0; path = Park.app; sourceTree = BUILT_PRODUCTS_DIR; };
		9EBAC3492074B1950018561C /* AppDelegate.swift */ = {isa = PBXFileReference; lastKnownFileType = sourcecode.swift; path = AppDelegate.swift; sourceTree = "<group>"; };
		9EBAC34B2074B1950018561C /* ViewController.swift */ = {isa = PBXFileReference; lastKnownFileType = sourcecode.swift; path = ViewController.swift; sourceTree = "<group>"; };
		9EBAC34E2074B1950018561C /* Base */ = {isa = PBXFileReference; lastKnownFileType = file.storyboard; name = Base; path = Base.lproj/Main.storyboard; sourceTree = "<group>"; };
		9EBAC3502074B1950018561C /* Assets.xcassets */ = {isa = PBXFileReference; lastKnownFileType = folder.assetcatalog; path = Assets.xcassets; sourceTree = "<group>"; };
		9EBAC3532074B1950018561C /* Base */ = {isa = PBXFileReference; lastKnownFileType = file.storyboard; name = Base; path = Base.lproj/LaunchScreen.storyboard; sourceTree = "<group>"; };
		9EBAC3552074B1950018561C /* Info.plist */ = {isa = PBXFileReference; lastKnownFileType = text.plist.xml; path = Info.plist; sourceTree = "<group>"; };
		9EBAC35D2074C8BA0018561C /* TableViewController.swift */ = {isa = PBXFileReference; lastKnownFileType = sourcecode.swift; path = TableViewController.swift; sourceTree = "<group>"; };
		9EBAC35F2074D4540018561C /* ParkTableViewController.swift */ = {isa = PBXFileReference; lastKnownFileType = sourcecode.swift; path = ParkTableViewController.swift; sourceTree = "<group>"; };
/* End PBXFileReference section */

/* Begin PBXFrameworksBuildPhase section */
		9EBAC3432074B1950018561C /* Frameworks */ = {
			isa = PBXFrameworksBuildPhase;
			buildActionMask = 2147483647;
			files = (
			);
			runOnlyForDeploymentPostprocessing = 0;
		};
/* End PBXFrameworksBuildPhase section */

/* Begin PBXGroup section */
		9EBAC33D2074B1950018561C = {
			isa = PBXGroup;
			children = (
				9EBAC3482074B1950018561C /* Park */,
				9EBAC3472074B1950018561C /* Products */,
			);
			sourceTree = "<group>";
		};
		9EBAC3472074B1950018561C /* Products */ = {
			isa = PBXGroup;
			children = (
				9EBAC3462074B1950018561C /* Park.app */,
			);
			name = Products;
			sourceTree = "<group>";
		};
		9EBAC3482074B1950018561C /* Park */ = {
			isa = PBXGroup;
			children = (
				9EBAC3492074B1950018561C /* AppDelegate.swift */,
				9EBAC34B2074B1950018561C /* ViewController.swift */,
				9EBAC34D2074B1950018561C /* Main.storyboard */,
				9EBAC3502074B1950018561C /* Assets.xcassets */,
				9EBAC3522074B1950018561C /* LaunchScreen.storyboard */,
				9EBAC3552074B1950018561C /* Info.plist */,
				9EBAC35D2074C8BA0018561C /* TableViewController.swift */,
				9EBAC35F2074D4540018561C /* ParkTableViewController.swift */,
			);
			path = Park;
			sourceTree = "<group>";
		};
/* End PBXGroup section */

/* Begin PBXNativeTarget section */
		9EBAC3452074B1950018561C /* Park */ = {
			isa = PBXNativeTarget;
			buildConfigurationList = 9EBAC3582074B1950018561C /* Build configuration list for PBXNativeTarget "Park" */;
			buildPhases = (
				9EBAC3422074B1950018561C /* Sources */,
				9EBAC3432074B1950018561C /* Frameworks */,
				9EBAC3442074B1950018561C /* Resources */,
			);
			buildRules = (
			);
			dependencies = (
			);
			name = Park;
			productName = Park;
			productReference = 9EBAC3462074B1950018561C /* Park.app */;
			productType = "com.apple.product-type.application";
		};
/* End PBXNativeTarget section */

/* Begin PBXProject section */
		9EBAC33E2074B1950018561C /* Project object */ = {
			isa = PBXProject;
			attributes = {
				LastSwiftUpdateCheck = 0920;
				LastUpgradeCheck = 0920;
				ORGANIZATIONNAME = clapwatermelon;
				TargetAttributes = {
					9EBAC3452074B1950018561C = {
						CreatedOnToolsVersion = 9.2;
						ProvisioningStyle = Automatic;
					};
				};
			};
			buildConfigurationList = 9EBAC3412074B1950018561C /* Build configuration list for PBXProject "Park" */;
			compatibilityVersion = "Xcode 8.0";
			developmentRegion = en;
			hasScannedForEncodings = 0;
			knownRegions = (
				en,
				Base,
			);
			mainGroup = 9EBAC33D2074B1950018561C;
			productRefGroup = 9EBAC3472074B1950018561C /* Products */;
			projectDirPath = "";
			projectRoot = "";
			targets = (
				9EBAC3452074B1950018561C /* Park */,
			);
		};
/* End PBXProject section */

/* Begin PBXResourcesBuildPhase section */
		9EBAC3442074B1950018561C /* Resources */ = {
			isa = PBXResourcesBuildPhase;
			buildActionMask = 2147483647;
			files = (
				9EBAC3542074B1950018561C /* LaunchScreen.storyboard in Resources */,
				9EBAC3512074B1950018561C /* Assets.xcassets in Resources */,
				9EBAC34F2074B1950018561C /* Main.storyboard in Resources */,
			);
			runOnlyForDeploymentPostprocessing = 0;
		};
/* End PBXResourcesBuildPhase section */

/* Begin PBXSourcesBuildPhase section */
		9EBAC3422074B1950018561C /* Sources */ = {
			isa = PBXSourcesBuildPhase;
			buildActionMask = 2147483647;
			files = (
				9EBAC34C2074B1950018561C /* ViewController.swift in Sources */,
				9EBAC3602074D4540018561C /* ParkTableViewController.swift in Sources */,
				9EBAC35E2074C8BA0018561C /* TableViewController.swift in Sources */,
				9EBAC34A2074B1950018561C /* AppDelegate.swift in Sources */,
			);
			runOnlyForDeploymentPostprocessing = 0;
		};
/* End PBXSourcesBuildPhase section */

/* Begin PBXVariantGroup section */
		9EBAC34D2074B1950018561C /* Main.storyboard */ = {
			isa = PBXVariantGroup;
			children = (
				9EBAC34E2074B1950018561C /* Base */,
			);
			name = Main.storyboard;
			sourceTree = "<group>";
		};
		9EBAC3522074B1950018561C /* LaunchScreen.storyboard */ = {
			isa = PBXVariantGroup;
			children = (
				9EBAC3532074B1950018561C /* Base */,
			);
			name = LaunchScreen.storyboard;
			sourceTree = "<group>";
		};
/* End PBXVariantGroup section */

/* Begin XCBuildConfiguration section */
		9EBAC3562074B1950018561C /* Debug */ = {
			isa = XCBuildConfiguration;
			buildSettings = {
				ALWAYS_SEARCH_USER_PATHS = NO;
				CLANG_ANALYZER_NONNULL = YES;
				CLANG_ANALYZER_NUMBER_OBJECT_CONVERSION = YES_AGGRESSIVE;
				CLANG_CXX_LANGUAGE_STANDARD = "gnu++14";
				CLANG_CXX_LIBRARY = "libc++";
				CLANG_ENABLE_MODULES = YES;
				CLANG_ENABLE_OBJC_ARC = YES;
				CLANG_WARN_BLOCK_CAPTURE_AUTORELEASING = YES;
				CLANG_WARN_BOOL_CONVERSION = YES;
				CLANG_WARN_COMMA = YES;
				CLANG_WARN_CONSTANT_CONVERSION = YES;
				CLANG_WARN_DIRECT_OBJC_ISA_USAGE = YES_ERROR;
				CLANG_WARN_DOCUMENTATION_COMMENTS = YES;
				CLANG_WARN_EMPTY_BODY = YES;
				CLANG_WARN_ENUM_CONVERSION = YES;
				CLANG_WARN_INFINITE_RECURSION = YES;
				CLANG_WARN_INT_CONVERSION = YES;
				CLANG_WARN_NON_LITERAL_NULL_CONVERSION = YES;
				CLANG_WARN_OBJC_LITERAL_CONVERSION = YES;
				CLANG_WARN_OBJC_ROOT_CLASS = YES_ERROR;
				CLANG_WARN_RANGE_LOOP_ANALYSIS = YES;
				CLANG_WARN_STRICT_PROTOTYPES = YES;
				CLANG_WARN_SUSPICIOUS_MOVE = YES;
				CLANG_WARN_UNGUARDED_AVAILABILITY = YES_AGGRESSIVE;
				CLANG_WARN_UNREACHABLE_CODE = YES;
				CLANG_WARN__DUPLICATE_METHOD_MATCH = YES;
				CODE_SIGN_IDENTITY = "iPhone Developer";
				COPY_PHASE_STRIP = NO;
				DEBUG_INFORMATION_FORMAT = dwarf;
				ENABLE_STRICT_OBJC_MSGSEND = YES;
				ENABLE_TESTABILITY = YES;
				GCC_C_LANGUAGE_STANDARD = gnu11;
				GCC_DYNAMIC_NO_PIC = NO;
				GCC_NO_COMMON_BLOCKS = YES;
				GCC_OPTIMIZATION_LEVEL = 0;
				GCC_PREPROCESSOR_DEFINITIONS = (
					"DEBUG=1",
					"$(inherited)",
				);
				GCC_WARN_64_TO_32_BIT_CONVERSION = YES;
				GCC_WARN_ABOUT_RETURN_TYPE = YES_ERROR;
				GCC_WARN_UNDECLARED_SELECTOR = YES;
				GCC_WARN_UNINITIALIZED_AUTOS = YES_AGGRESSIVE;
				GCC_WARN_UNUSED_FUNCTION = YES;
				GCC_WARN_UNUSED_VARIABLE = YES;
				IPHONEOS_DEPLOYMENT_TARGET = 11.2;
				MTL_ENABLE_DEBUG_INFO = YES;
				ONLY_ACTIVE_ARCH = YES;
				SDKROOT = iphoneos;
				SWIFT_ACTIVE_COMPILATION_CONDITIONS = DEBUG;
				SWIFT_OPTIMIZATION_LEVEL = "-Onone";
			};
			name = Debug;
		};
		9EBAC3572074B1950018561C /* Release */ = {
			isa = XCBuildConfiguration;
			buildSettings = {
				ALWAYS_SEARCH_USER_PATHS = NO;
				CLANG_ANALYZER_NONNULL = YES;
				CLANG_ANALYZER_NUMBER_OBJECT_CONVERSION = YES_AGGRESSIVE;
				CLANG_CXX_LANGUAGE_STANDARD = "gnu++14";
				CLANG_CXX_LIBRARY = "libc++";
				CLANG_ENABLE_MODULES = YES;
				CLANG_ENABLE_OBJC_ARC = YES;
				CLANG_WARN_BLOCK_CAPTURE_AUTORELEASING = YES;
				CLANG_WARN_BOOL_CONVERSION = YES;
				CLANG_WARN_COMMA = YES;
				CLANG_WARN_CONSTANT_CONVERSION = YES;
				CLANG_WARN_DIRECT_OBJC_ISA_USAGE = YES_ERROR;
				CLANG_WARN_DOCUMENTATION_COMMENTS = YES;
				CLANG_WARN_EMPTY_BODY = YES;
				CLANG_WARN_ENUM_CONVERSION = YES;
				CLANG_WARN_INFINITE_RECURSION = YES;
				CLANG_WARN_INT_CONVERSION = YES;
				CLANG_WARN_NON_LITERAL_NULL_CONVERSION = YES;
				CLANG_WARN_OBJC_LITERAL_CONVERSION = YES;
				CLANG_WARN_OBJC_ROOT_CLASS = YES_ERROR;
				CLANG_WARN_RANGE_LOOP_ANALYSIS = YES;
				CLANG_WARN_STRICT_PROTOTYPES = YES;
				CLANG_WARN_SUSPICIOUS_MOVE = YES;
				CLANG_WARN_UNGUARDED_AVAILABILITY = YES_AGGRESSIVE;
				CLANG_WARN_UNREACHABLE_CODE = YES;
				CLANG_WARN__DUPLICATE_METHOD_MATCH = YES;
				CODE_SIGN_IDENTITY = "iPhone Developer";
				COPY_PHASE_STRIP = NO;
				DEBUG_INFORMATION_FORMAT = "dwarf-with-dsym";
				ENABLE_NS_ASSERTIONS = NO;
				ENABLE_STRICT_OBJC_MSGSEND = YES;
				GCC_C_LANGUAGE_STANDARD = gnu11;
				GCC_NO_COMMON_BLOCKS = YES;
				GCC_WARN_64_TO_32_BIT_CONVERSION = YES;
				GCC_WARN_ABOUT_RETURN_TYPE = YES_ERROR;
				GCC_WARN_UNDECLARED_SELECTOR = YES;
				GCC_WARN_UNINITIALIZED_AUTOS = YES_AGGRESSIVE;
				GCC_WARN_UNUSED_FUNCTION = YES;
				GCC_WARN_UNUSED_VARIABLE = YES;
				IPHONEOS_DEPLOYMENT_TARGET = 11.2;
				MTL_ENABLE_DEBUG_INFO = NO;
				SDKROOT = iphoneos;
				SWIFT_OPTIMIZATION_LEVEL = "-Owholemodule";
				VALIDATE_PRODUCT = YES;
			};
			name = Release;
		};
		9EBAC3592074B1950018561C /* Debug */ = {
			isa = XCBuildConfiguration;
			buildSettings = {
				ASSETCATALOG_COMPILER_APPICON_NAME = AppIcon;
				CODE_SIGN_STYLE = Automatic;
				INFOPLIST_FILE = Park/Info.plist;
				LD_RUNPATH_SEARCH_PATHS = "$(inherited) @executable_path/Frameworks";
				PRODUCT_BUNDLE_IDENTIFIER = com.clapwatermelon.Park;
				PRODUCT_NAME = "$(TARGET_NAME)";
				SWIFT_VERSION = 4.0;
				TARGETED_DEVICE_FAMILY = "1,2";
			};
			name = Debug;
		};
		9EBAC35A2074B1950018561C /* Release */ = {
			isa = XCBuildConfiguration;
			buildSettings = {
				ASSETCATALOG_COMPILER_APPICON_NAME = AppIcon;
				CODE_SIGN_STYLE = Automatic;
				INFOPLIST_FILE = Park/Info.plist;
				LD_RUNPATH_SEARCH_PATHS = "$(inherited) @executable_path/Frameworks";
				PRODUCT_BUNDLE_IDENTIFIER = com.clapwatermelon.Park;
				PRODUCT_NAME = "$(TARGET_NAME)";
				SWIFT_VERSION = 4.0;
				TARGETED_DEVICE_FAMILY = "1,2";
			};
			name = Release;
		};
/* End XCBuildConfiguration section */

/* Begin XCConfigurationList section */
		9EBAC3412074B1950018561C /* Build configuration list for PBXProject "Park" */ = {
			isa = XCConfigurationList;
			buildConfigurations = (
				9EBAC3562074B1950018561C /* Debug */,
				9EBAC3572074B1950018561C /* Release */,
			);
			defaultConfigurationIsVisible = 0;
			defaultConfigurationName = Release;
		};
		9EBAC3582074B1950018561C /* Build configuration list for PBXNativeTarget "Park" */ = {
			isa = XCConfigurationList;
			buildConfigurations = (
				9EBAC3592074B1950018561C /* Debug */,
				9EBAC35A2074B1950018561C /* Release */,
			);
			defaultConfigurationIsVisible = 0;
			defaultConfigurationName = Release;
		};
/* End XCConfigurationList section */
	};
	rootObject = 9EBAC33E2074B1950018561C /* Project object */;
}
