// !$*UTF8*$!
{
	archiveVersion = 1;
	classes = {
	};
	objectVersion = 50;
	objects = {

/* Begin PBXFileReference section */
		9EEBCF622079E67A00C6E9D4 /* state_diagram.png */ = {isa = PBXFileReference; lastKnownFileType = image.png; path = state_diagram.png; sourceTree = "<group>"; };
		9EEBCF632079E67A00C6E9D4 /* Makefile.am */ = {isa = PBXFileReference; lastKnownFileType = text; path = Makefile.am; sourceTree = "<group>"; };
		9EEBCF642079E67A00C6E9D4 /* .gitignore */ = {isa = PBXFileReference; lastKnownFileType = text; path = .gitignore; sourceTree = "<group>"; };
		9EEBCF652079E67A00C6E9D4 /* Headers */ = {isa = PBXFileReference; lastKnownFileType = folder; path = Headers; sourceTree = "<group>"; };
		9EEBCF662079E67A00C6E9D4 /* NaverSpeech */ = {isa = PBXFileReference; lastKnownFileType = "compiled.mach-o.dylib"; path = NaverSpeech; sourceTree = "<group>"; };
		9EEBCF672079E67A00C6E9D4 /* libnsclient.la */ = {isa = PBXFileReference; lastKnownFileType = text; path = libnsclient.la; sourceTree = "<group>"; };
		9EEBCF682079E67A00C6E9D4 /* Modules */ = {isa = PBXFileReference; lastKnownFileType = folder; path = Modules; sourceTree = "<group>"; };
		9EEBCF692079E67A00C6E9D4 /* Makefile.in */ = {isa = PBXFileReference; lastKnownFileType = text; path = Makefile.in; sourceTree = "<group>"; };
		9EEBCF6A2079E67A00C6E9D4 /* Info.plist */ = {isa = PBXFileReference; lastKnownFileType = file.bplist; path = Info.plist; sourceTree = "<group>"; };
/* End PBXFileReference section */

/* Begin PBXGroup section */
		9EEBCF5C2079E67A00C6E9D4 = {
			isa = PBXGroup;
			children = (
				9EEBCF622079E67A00C6E9D4 /* state_diagram.png */,
				9EEBCF632079E67A00C6E9D4 /* Makefile.am */,
				9EEBCF642079E67A00C6E9D4 /* .gitignore */,
				9EEBCF652079E67A00C6E9D4 /* Headers */,
				9EEBCF662079E67A00C6E9D4 /* NaverSpeech */,
				9EEBCF672079E67A00C6E9D4 /* libnsclient.la */,
				9EEBCF682079E67A00C6E9D4 /* Modules */,
				9EEBCF692079E67A00C6E9D4 /* Makefile.in */,
				9EEBCF6A2079E67A00C6E9D4 /* Info.plist */,
			);
			sourceTree = "<group>";
		};
/* End PBXGroup section */

/* Begin PBXLegacyTarget section */
		9EEBCF612079E67A00C6E9D4 /* NaverSpeech.framework */ = {
			isa = PBXLegacyTarget;
			buildArgumentsString = "$(ACTION)";
			buildConfigurationList = 9EEBCF6B2079E67A00C6E9D4 /* Build configuration list for PBXLegacyTarget "NaverSpeech.framework" */;
			buildPhases = (
			);
			buildToolPath = /usr/bin/make;
			buildWorkingDirectory = /Users/clapwatermelon/Desktop/PickParkProject/PickPark/PickPark/framework/NaverSpeech.framework;
			dependencies = (
			);
			name = NaverSpeech.framework;
			passBuildSettingsInEnvironment = 1;
			productName = NaverSpeech.framework;
		};
/* End PBXLegacyTarget section */

/* Begin PBXProject section */
		9EEBCF5D2079E67A00C6E9D4 /* Project object */ = {
			isa = PBXProject;
			attributes = {
			};
			buildConfigurationList = 9EEBCF602079E67A00C6E9D4 /* Build configuration list for PBXProject "NaverSpeech.framework" */;
			compatibilityVersion = "Xcode 9.3";
			developmentRegion = en;
			hasScannedForEncodings = 0;
			knownRegions = (
				en,
			);
			mainGroup = 9EEBCF5C2079E67A00C6E9D4;
			projectDirPath = "";
			projectRoot = "";
			targets = (
				9EEBCF612079E67A00C6E9D4 /* NaverSpeech.framework */,
			);
		};
/* End PBXProject section */

/* Begin XCBuildConfiguration section */
		9EEBCF5E2079E67A00C6E9D4 /* Debug */ = {
			isa = XCBuildConfiguration;
			buildSettings = {
				ARCHS = "$(ARCHS_STANDARD_32_BIT)";
				COPY_PHASE_STRIP = NO;
				GCC_WARN_ABOUT_RETURN_TYPE = YES;
				GCC_WARN_UNUSED_VARIABLE = YES;
				ONLY_ACTIVE_ARCH = YES;
				SDKROOT = macosx10.6;
			};
			name = Debug;
		};
		9EEBCF5F2079E67A00C6E9D4 /* Release */ = {
			isa = XCBuildConfiguration;
			buildSettings = {
				ARCHS = "$(ARCHS_STANDARD_32_BIT)";
				COPY_PHASE_STRIP = YES;
				GCC_WARN_ABOUT_RETURN_TYPE = YES;
				GCC_WARN_UNUSED_VARIABLE = YES;
				SDKROOT = macosx10.6;
			};
			name = Release;
		};
		9EEBCF6C2079E67A00C6E9D4 /* Debug */ = {
			isa = XCBuildConfiguration;
			buildSettings = {
				COPY_PHASE_STRIP = NO;
				DEBUGGING_SYMBOLS = YES;
				GCC_DYNAMIC_NO_PIC = NO;
				GCC_ENABLE_FIX_AND_CONTINUE = YES;
				GCC_GENERATE_DEBUGGING_SYMBOLS = YES;
				GCC_OPTIMIZATION_LEVEL = 0;
				OTHER_CFLAGS = "";
				OTHER_LDFLAGS = "";
				PRODUCT_NAME = NaverSpeech.framework;
			};
			name = Debug;
		};
		9EEBCF6D2079E67A00C6E9D4 /* Release */ = {
			isa = XCBuildConfiguration;
			buildSettings = {
				COPY_PHASE_STRIP = YES;
				DEBUG_INFORMATION_FORMAT = "dwarf-with-dsym";
				GCC_ENABLE_FIX_AND_CONTINUE = NO;
				OTHER_CFLAGS = "";
				OTHER_LDFLAGS = "";
				PRODUCT_NAME = NaverSpeech.framework;
			};
			name = Release;
		};
/* End XCBuildConfiguration section */

/* Begin XCConfigurationList section */
		9EEBCF602079E67A00C6E9D4 /* Build configuration list for PBXProject "NaverSpeech.framework" */ = {
			isa = XCConfigurationList;
			buildConfigurations = (
				9EEBCF5E2079E67A00C6E9D4 /* Debug */,
				9EEBCF5F2079E67A00C6E9D4 /* Release */,
			);
			defaultConfigurationIsVisible = 0;
			defaultConfigurationName = Release;
		};
		9EEBCF6B2079E67A00C6E9D4 /* Build configuration list for PBXLegacyTarget "NaverSpeech.framework" */ = {
			isa = XCConfigurationList;
			buildConfigurations = (
				9EEBCF6C2079E67A00C6E9D4 /* Debug */,
				9EEBCF6D2079E67A00C6E9D4 /* Release */,
			);
			defaultConfigurationIsVisible = 0;
			defaultConfigurationName = Release;
		};
/* End XCConfigurationList section */
	};
	rootObject = 9EEBCF5D2079E67A00C6E9D4 /* Project object */;
}
