// !$*UTF8*$!
{
	archiveVersion = 1;
	classes = {
	};
	objectVersion = 50;
	objects = {

/* Begin PBXBuildFile section */
		9E70E1532081ECBA00BAB641 /* AppDelegate.swift in Sources */ = {isa = PBXBuildFile; fileRef = 9E70E1522081ECBA00BAB641 /* AppDelegate.swift */; };
		9E70E1582081ECBA00BAB641 /* Main.storyboard in Resources */ = {isa = PBXBuildFile; fileRef = 9E70E1562081ECBA00BAB641 /* Main.storyboard */; };
		9E70E15A2081ECBB00BAB641 /* Assets.xcassets in Resources */ = {isa = PBXBuildFile; fileRef = 9E70E1592081ECBB00BAB641 /* Assets.xcassets */; };
		9E70E15D2081ECBB00BAB641 /* LaunchScreen.storyboard in Resources */ = {isa = PBXBuildFile; fileRef = 9E70E15B2081ECBB00BAB641 /* LaunchScreen.storyboard */; };
		9E70E174208469A000BAB641 /* GroupAlbumViewController.swift in Sources */ = {isa = PBXBuildFile; fileRef = 9E70E173208469A000BAB641 /* GroupAlbumViewController.swift */; };
		9E70E17620846AE900BAB641 /* GroupPhotosCollectionViewCell.swift in Sources */ = {isa = PBXBuildFile; fileRef = 9E70E17520846AE900BAB641 /* GroupPhotosCollectionViewCell.swift */; };
		9E70E178208709BF00BAB641 /* DetailAlbumViewController.swift in Sources */ = {isa = PBXBuildFile; fileRef = 9E70E177208709BF00BAB641 /* DetailAlbumViewController.swift */; };
		9E70E17A208739B200BAB641 /* DetailPhotoCollectionViewCell.swift in Sources */ = {isa = PBXBuildFile; fileRef = 9E70E179208739B200BAB641 /* DetailPhotoCollectionViewCell.swift */; };
/* End PBXBuildFile section */

/* Begin PBXFileReference section */
		9E70E14F2081ECBA00BAB641 /* MyAlbum.app */ = {isa = PBXFileReference; explicitFileType = wrapper.application; includeInIndex = 0; path = MyAlbum.app; sourceTree = BUILT_PRODUCTS_DIR; };
		9E70E1522081ECBA00BAB641 /* AppDelegate.swift */ = {isa = PBXFileReference; lastKnownFileType = sourcecode.swift; path = AppDelegate.swift; sourceTree = "<group>"; };
		9E70E1572081ECBA00BAB641 /* Base */ = {isa = PBXFileReference; lastKnownFileType = file.storyboard; name = Base; path = Base.lproj/Main.storyboard; sourceTree = "<group>"; };
		9E70E1592081ECBB00BAB641 /* Assets.xcassets */ = {isa = PBXFileReference; lastKnownFileType = folder.assetcatalog; path = Assets.xcassets; sourceTree = "<group>"; };
		9E70E15C2081ECBB00BAB641 /* Base */ = {isa = PBXFileReference; lastKnownFileType = file.storyboard; name = Base; path = Base.lproj/LaunchScreen.storyboard; sourceTree = "<group>"; };
		9E70E15E2081ECBC00BAB641 /* Info.plist */ = {isa = PBXFileReference; lastKnownFileType = text.plist.xml; path = Info.plist; sourceTree = "<group>"; };
		9E70E173208469A000BAB641 /* GroupAlbumViewController.swift */ = {isa = PBXFileReference; lastKnownFileType = sourcecode.swift; path = GroupAlbumViewController.swift; sourceTree = "<group>"; };
		9E70E17520846AE900BAB641 /* GroupPhotosCollectionViewCell.swift */ = {isa = PBXFileReference; lastKnownFileType = sourcecode.swift; path = GroupPhotosCollectionViewCell.swift; sourceTree = "<group>"; };
		9E70E177208709BF00BAB641 /* DetailAlbumViewController.swift */ = {isa = PBXFileReference; lastKnownFileType = sourcecode.swift; path = DetailAlbumViewController.swift; sourceTree = "<group>"; };
		9E70E179208739B200BAB641 /* DetailPhotoCollectionViewCell.swift */ = {isa = PBXFileReference; lastKnownFileType = sourcecode.swift; path = DetailPhotoCollectionViewCell.swift; sourceTree = "<group>"; };
/* End PBXFileReference section */

/* Begin PBXFrameworksBuildPhase section */
		9E70E14C2081ECBA00BAB641 /* Frameworks */ = {
			isa = PBXFrameworksBuildPhase;
			buildActionMask = 2147483647;
			files = (
			);
			runOnlyForDeploymentPostprocessing = 0;
		};
/* End PBXFrameworksBuildPhase section */

/* Begin PBXGroup section */
		9E70E1462081ECBA00BAB641 = {
			isa = PBXGroup;
			children = (
				9E70E1512081ECBA00BAB641 /* MyAlbum */,
				9E70E1502081ECBA00BAB641 /* Products */,
			);
			sourceTree = "<group>";
		};
		9E70E1502081ECBA00BAB641 /* Products */ = {
			isa = PBXGroup;
			children = (
				9E70E14F2081ECBA00BAB641 /* MyAlbum.app */,
			);
			name = Products;
			sourceTree = "<group>";
		};
		9E70E1512081ECBA00BAB641 /* MyAlbum */ = {
			isa = PBXGroup;
			children = (
				9E70E1642081ECED00BAB641 /* ViewController */,
				9E70E1522081ECBA00BAB641 /* AppDelegate.swift */,
				9E70E1562081ECBA00BAB641 /* Main.storyboard */,
				9E70E1592081ECBB00BAB641 /* Assets.xcassets */,
				9E70E15B2081ECBB00BAB641 /* LaunchScreen.storyboard */,
				9E70E15E2081ECBC00BAB641 /* Info.plist */,
				9E70E17520846AE900BAB641 /* GroupPhotosCollectionViewCell.swift */,
				9E70E179208739B200BAB641 /* DetailPhotoCollectionViewCell.swift */,
			);
			path = MyAlbum;
			sourceTree = "<group>";
		};
		9E70E1642081ECED00BAB641 /* ViewController */ = {
			isa = PBXGroup;
			children = (
				9E70E173208469A000BAB641 /* GroupAlbumViewController.swift */,
				9E70E177208709BF00BAB641 /* DetailAlbumViewController.swift */,
			);
			path = ViewController;
			sourceTree = "<group>";
		};
/* End PBXGroup section */

/* Begin PBXNativeTarget section */
		9E70E14E2081ECBA00BAB641 /* MyAlbum */ = {
			isa = PBXNativeTarget;
			buildConfigurationList = 9E70E1612081ECBC00BAB641 /* Build configuration list for PBXNativeTarget "MyAlbum" */;
			buildPhases = (
				9E70E14B2081ECBA00BAB641 /* Sources */,
				9E70E14C2081ECBA00BAB641 /* Frameworks */,
				9E70E14D2081ECBA00BAB641 /* Resources */,
			);
			buildRules = (
			);
			dependencies = (
			);
			name = MyAlbum;
			productName = MyAlbum;
			productReference = 9E70E14F2081ECBA00BAB641 /* MyAlbum.app */;
			productType = "com.apple.product-type.application";
		};
/* End PBXNativeTarget section */

/* Begin PBXProject section */
		9E70E1472081ECBA00BAB641 /* Project object */ = {
			isa = PBXProject;
			attributes = {
				LastSwiftUpdateCheck = 0930;
				LastUpgradeCheck = 0930;
				ORGANIZATIONNAME = "박수현";
				TargetAttributes = {
					9E70E14E2081ECBA00BAB641 = {
						CreatedOnToolsVersion = 9.3;
					};
				};
			};
			buildConfigurationList = 9E70E14A2081ECBA00BAB641 /* Build configuration list for PBXProject "MyAlbum" */;
			compatibilityVersion = "Xcode 9.3";
			developmentRegion = en;
			hasScannedForEncodings = 0;
			knownRegions = (
				en,
				Base,
			);
			mainGroup = 9E70E1462081ECBA00BAB641;
			productRefGroup = 9E70E1502081ECBA00BAB641 /* Products */;
			projectDirPath = "";
			projectRoot = "";
			targets = (
				9E70E14E2081ECBA00BAB641 /* MyAlbum */,
			);
		};
/* End PBXProject section */

/* Begin PBXResourcesBuildPhase section */
		9E70E14D2081ECBA00BAB641 /* Resources */ = {
			isa = PBXResourcesBuildPhase;
			buildActionMask = 2147483647;
			files = (
				9E70E15D2081ECBB00BAB641 /* LaunchScreen.storyboard in Resources */,
				9E70E15A2081ECBB00BAB641 /* Assets.xcassets in Resources */,
				9E70E1582081ECBA00BAB641 /* Main.storyboard in Resources */,
			);
			runOnlyForDeploymentPostprocessing = 0;
		};
/* End PBXResourcesBuildPhase section */

/* Begin PBXSourcesBuildPhase section */
		9E70E14B2081ECBA00BAB641 /* Sources */ = {
			isa = PBXSourcesBuildPhase;
			buildActionMask = 2147483647;
			files = (
				9E70E1532081ECBA00BAB641 /* AppDelegate.swift in Sources */,
				9E70E178208709BF00BAB641 /* DetailAlbumViewController.swift in Sources */,
				9E70E17620846AE900BAB641 /* GroupPhotosCollectionViewCell.swift in Sources */,
				9E70E17A208739B200BAB641 /* DetailPhotoCollectionViewCell.swift in Sources */,
				9E70E174208469A000BAB641 /* GroupAlbumViewController.swift in Sources */,
			);
			runOnlyForDeploymentPostprocessing = 0;
		};
/* End PBXSourcesBuildPhase section */

/* Begin PBXVariantGroup section */
		9E70E1562081ECBA00BAB641 /* Main.storyboard */ = {
			isa = PBXVariantGroup;
			children = (
				9E70E1572081ECBA00BAB641 /* Base */,
			);
			name = Main.storyboard;
			sourceTree = "<group>";
		};
		9E70E15B2081ECBB00BAB641 /* LaunchScreen.storyboard */ = {
			isa = PBXVariantGroup;
			children = (
				9E70E15C2081ECBB00BAB641 /* Base */,
			);
			name = LaunchScreen.storyboard;
			sourceTree = "<group>";
		};
/* End PBXVariantGroup section */

/* Begin XCBuildConfiguration section */
		9E70E15F2081ECBC00BAB641 /* Debug */ = {
			isa = XCBuildConfiguration;
			buildSettings = {
				ALWAYS_SEARCH_USER_PATHS = NO;
				CLANG_ANALYZER_NONNULL = YES;
				CLANG_ANALYZER_NUMBER_OBJECT_CONVERSION = YES_AGGRESSIVE;
				CLANG_CXX_LANGUAGE_STANDARD = "gnu++14";
				CLANG_CXX_LIBRARY = "libc++";
				CLANG_ENABLE_MODULES = YES;
				CLANG_ENABLE_OBJC_ARC = YES;
				CLANG_ENABLE_OBJC_WEAK = YES;
				CLANG_WARN_BLOCK_CAPTURE_AUTORELEASING = YES;
				CLANG_WARN_BOOL_CONVERSION = YES;
				CLANG_WARN_COMMA = YES;
				CLANG_WARN_CONSTANT_CONVERSION = YES;
				CLANG_WARN_DEPRECATED_OBJC_IMPLEMENTATIONS = YES;
				CLANG_WARN_DIRECT_OBJC_ISA_USAGE = YES_ERROR;
				CLANG_WARN_DOCUMENTATION_COMMENTS = YES;
				CLANG_WARN_EMPTY_BODY = YES;
				CLANG_WARN_ENUM_CONVERSION = YES;
				CLANG_WARN_INFINITE_RECURSION = YES;
				CLANG_WARN_INT_CONVERSION = YES;
				CLANG_WARN_NON_LITERAL_NULL_CONVERSION = YES;
				CLANG_WARN_OBJC_IMPLICIT_RETAIN_SELF = YES;
				CLANG_WARN_OBJC_LITERAL_CONVERSION = YES;
				CLANG_WARN_OBJC_ROOT_CLASS = YES_ERROR;
				CLANG_WARN_RANGE_LOOP_ANALYSIS = YES;
				CLANG_WARN_STRICT_PROTOTYPES = YES;
				CLANG_WARN_SUSPICIOUS_MOVE = YES;
				CLANG_WARN_UNGUARDED_AVAILABILITY = YES_AGGRESSIVE;
				CLANG_WARN_UNREACHABLE_CODE = YES;
				CLANG_WARN__DUPLICATE_METHOD_MATCH = YES;
				CODE_SIGN_IDENTITY = "iPhone Developer";
				COPY_PHASE_STRIP = NO;
				DEBUG_INFORMATION_FORMAT = dwarf;
				ENABLE_STRICT_OBJC_MSGSEND = YES;
				ENABLE_TESTABILITY = YES;
				GCC_C_LANGUAGE_STANDARD = gnu11;
				GCC_DYNAMIC_NO_PIC = NO;
				GCC_NO_COMMON_BLOCKS = YES;
				GCC_OPTIMIZATION_LEVEL = 0;
				GCC_PREPROCESSOR_DEFINITIONS = (
					"DEBUG=1",
					"$(inherited)",
				);
				GCC_WARN_64_TO_32_BIT_CONVERSION = YES;
				GCC_WARN_ABOUT_RETURN_TYPE = YES_ERROR;
				GCC_WARN_UNDECLARED_SELECTOR = YES;
				GCC_WARN_UNINITIALIZED_AUTOS = YES_AGGRESSIVE;
				GCC_WARN_UNUSED_FUNCTION = YES;
				GCC_WARN_UNUSED_VARIABLE = YES;
				IPHONEOS_DEPLOYMENT_TARGET = 11.3;
				MTL_ENABLE_DEBUG_INFO = YES;
				ONLY_ACTIVE_ARCH = YES;
				SDKROOT = iphoneos;
				SWIFT_ACTIVE_COMPILATION_CONDITIONS = DEBUG;
				SWIFT_OPTIMIZATION_LEVEL = "-Onone";
			};
			name = Debug;
		};
		9E70E1602081ECBC00BAB641 /* Release */ = {
			isa = XCBuildConfiguration;
			buildSettings = {
				ALWAYS_SEARCH_USER_PATHS = NO;
				CLANG_ANALYZER_NONNULL = YES;
				CLANG_ANALYZER_NUMBER_OBJECT_CONVERSION = YES_AGGRESSIVE;
				CLANG_CXX_LANGUAGE_STANDARD = "gnu++14";
				CLANG_CXX_LIBRARY = "libc++";
				CLANG_ENABLE_MODULES = YES;
				CLANG_ENABLE_OBJC_ARC = YES;
				CLANG_ENABLE_OBJC_WEAK = YES;
				CLANG_WARN_BLOCK_CAPTURE_AUTORELEASING = YES;
				CLANG_WARN_BOOL_CONVERSION = YES;
				CLANG_WARN_COMMA = YES;
				CLANG_WARN_CONSTANT_CONVERSION = YES;
				CLANG_WARN_DEPRECATED_OBJC_IMPLEMENTATIONS = YES;
				CLANG_WARN_DIRECT_OBJC_ISA_USAGE = YES_ERROR;
				CLANG_WARN_DOCUMENTATION_COMMENTS = YES;
				CLANG_WARN_EMPTY_BODY = YES;
				CLANG_WARN_ENUM_CONVERSION = YES;
				CLANG_WARN_INFINITE_RECURSION = YES;
				CLANG_WARN_INT_CONVERSION = YES;
				CLANG_WARN_NON_LITERAL_NULL_CONVERSION = YES;
				CLANG_WARN_OBJC_IMPLICIT_RETAIN_SELF = YES;
				CLANG_WARN_OBJC_LITERAL_CONVERSION = YES;
				CLANG_WARN_OBJC_ROOT_CLASS = YES_ERROR;
				CLANG_WARN_RANGE_LOOP_ANALYSIS = YES;
				CLANG_WARN_STRICT_PROTOTYPES = YES;
				CLANG_WARN_SUSPICIOUS_MOVE = YES;
				CLANG_WARN_UNGUARDED_AVAILABILITY = YES_AGGRESSIVE;
				CLANG_WARN_UNREACHABLE_CODE = YES;
				CLANG_WARN__DUPLICATE_METHOD_MATCH = YES;
				CODE_SIGN_IDENTITY = "iPhone Developer";
				COPY_PHASE_STRIP = NO;
				DEBUG_INFORMATION_FORMAT = "dwarf-with-dsym";
				ENABLE_NS_ASSERTIONS = NO;
				ENABLE_STRICT_OBJC_MSGSEND = YES;
				GCC_C_LANGUAGE_STANDARD = gnu11;
				GCC_NO_COMMON_BLOCKS = YES;
				GCC_WARN_64_TO_32_BIT_CONVERSION = YES;
				GCC_WARN_ABOUT_RETURN_TYPE = YES_ERROR;
				GCC_WARN_UNDECLARED_SELECTOR = YES;
				GCC_WARN_UNINITIALIZED_AUTOS = YES_AGGRESSIVE;
				GCC_WARN_UNUSED_FUNCTION = YES;
				GCC_WARN_UNUSED_VARIABLE = YES;
				IPHONEOS_DEPLOYMENT_TARGET = 11.3;
				MTL_ENABLE_DEBUG_INFO = NO;
				SDKROOT = iphoneos;
				SWIFT_COMPILATION_MODE = wholemodule;
				SWIFT_OPTIMIZATION_LEVEL = "-O";
				VALIDATE_PRODUCT = YES;
			};
			name = Release;
		};
		9E70E1622081ECBC00BAB641 /* Debug */ = {
			isa = XCBuildConfiguration;
			buildSettings = {
				ASSETCATALOG_COMPILER_APPICON_NAME = AppIcon;
				CODE_SIGN_STYLE = Automatic;
				DEVELOPMENT_TEAM = N598FBZXVH;
				INFOPLIST_FILE = MyAlbum/Info.plist;
				LD_RUNPATH_SEARCH_PATHS = (
					"$(inherited)",
					"@executable_path/Frameworks",
				);
				PRODUCT_BUNDLE_IDENTIFIER = com.clapwatermelon.MyAlbum;
				PRODUCT_NAME = "$(TARGET_NAME)";
				SWIFT_VERSION = 4.0;
				TARGETED_DEVICE_FAMILY = "1,2";
			};
			name = Debug;
		};
		9E70E1632081ECBC00BAB641 /* Release */ = {
			isa = XCBuildConfiguration;
			buildSettings = {
				ASSETCATALOG_COMPILER_APPICON_NAME = AppIcon;
				CODE_SIGN_STYLE = Automatic;
				DEVELOPMENT_TEAM = N598FBZXVH;
				INFOPLIST_FILE = MyAlbum/Info.plist;
				LD_RUNPATH_SEARCH_PATHS = (
					"$(inherited)",
					"@executable_path/Frameworks",
				);
				PRODUCT_BUNDLE_IDENTIFIER = com.clapwatermelon.MyAlbum;
				PRODUCT_NAME = "$(TARGET_NAME)";
				SWIFT_VERSION = 4.0;
				TARGETED_DEVICE_FAMILY = "1,2";
			};
			name = Release;
		};
/* End XCBuildConfiguration section */

/* Begin XCConfigurationList section */
		9E70E14A2081ECBA00BAB641 /* Build configuration list for PBXProject "MyAlbum" */ = {
			isa = XCConfigurationList;
			buildConfigurations = (
				9E70E15F2081ECBC00BAB641 /* Debug */,
				9E70E1602081ECBC00BAB641 /* Release */,
			);
			defaultConfigurationIsVisible = 0;
			defaultConfigurationName = Release;
		};
		9E70E1612081ECBC00BAB641 /* Build configuration list for PBXNativeTarget "MyAlbum" */ = {
			isa = XCConfigurationList;
			buildConfigurations = (
				9E70E1622081ECBC00BAB641 /* Debug */,
				9E70E1632081ECBC00BAB641 /* Release */,
			);
			defaultConfigurationIsVisible = 0;
			defaultConfigurationName = Release;
		};
/* End XCConfigurationList section */
	};
	rootObject = 9E70E1472081ECBA00BAB641 /* Project object */;
}
